PODS:
  - AgoraRtcEngine_iOS (3.7.2):
    - AgoraRtcEngine_iOS/AINS (= 3.7.2)
    - AgoraRtcEngine_iOS/AV1Dec (= 3.7.2)
    - AgoraRtcEngine_iOS/ContentInspect (= 3.7.2)
    - AgoraRtcEngine_iOS/FullAudioFormat (= 3.7.2)
    - AgoraRtcEngine_iOS/ReplayKit (= 3.7.2)
    - AgoraRtcEngine_iOS/ROIEnc (= 3.7.2)
    - AgoraRtcEngine_iOS/RtcBasic (= 3.7.2)
    - AgoraRtcEngine_iOS/SpatialAudio (= 3.7.2)
    - AgoraRtcEngine_iOS/SuperResolution (= 3.7.2)
    - AgoraRtcEngine_iOS/VideoPreprocess (= 3.7.2)
    - AgoraRtcEngine_iOS/VirtualBackground (= 3.7.2)
  - AgoraRtcEngine_iOS/AINS (3.7.2)
  - AgoraRtcEngine_iOS/AV1Dec (3.7.2)
  - AgoraRtcEngine_iOS/ContentInspect (3.7.2)
  - AgoraRtcEngine_iOS/FullAudioFormat (3.7.2)
  - AgoraRtcEngine_iOS/ReplayKit (3.7.2)
  - AgoraRtcEngine_iOS/ROIEnc (3.7.2)
  - AgoraRtcEngine_iOS/RtcBasic (3.7.2)
  - AgoraRtcEngine_iOS/SpatialAudio (3.7.2)
  - AgoraRtcEngine_iOS/SuperResolution (3.7.2)
  - AgoraRtcEngine_iOS/VideoPreprocess (3.7.2)
  - AgoraRtcEngine_iOS/VirtualBackground (3.7.2)
  - FURenderKit (8.3.1)
  - Masonry (1.1.0)

DEPENDENCIES:
  - AgoraRtcEngine_iOS (~> 3.7.2)
  - FURenderKit (~> 8.3.0)
  - Masonry (~> 1.1.0)

SPEC REPOS:
  trunk:
    - AgoraRtcEngine_iOS
    - FURenderKit
    - Masonry

SPEC CHECKSUMS:
  AgoraRtcEngine_iOS: 35387cd8e2131e1e3c3ac6c196818072ad0b9b75
  FURenderKit: f6f1a1f0554d7a0013eded1aa97f9dcba7d4fadd
  Masonry: 678fab65091a9290e40e2832a55e7ab731aad201

PODFILE CHECKSUM: 101f18ee906dafa077573f364c5071ff9bb13b48

COCOAPODS: 1.11.3
