PODS:
  - AGMCapturer_iOS (2.0.1)
  - AgoraRtcEngine_iOS (3.7.0.207):
    - AgoraRtcEngine_iOS/AINS (= 3.7.0.207)
    - AgoraRtcEngine_iOS/AV1Dec (= 3.7.0.207)
    - AgoraRtcEngine_iOS/ContentInspect (= 3.7.0.207)
    - AgoraRtcEngine_iOS/FullAudioFormat (= 3.7.0.207)
    - AgoraRtcEngine_iOS/ReplayKit (= 3.7.0.207)
    - AgoraRtcEngine_iOS/ROIEnc (= 3.7.0.207)
    - AgoraRtcEngine_iOS/RtcBasic (= 3.7.0.207)
    - AgoraRtcEngine_iOS/SpatialAudio (= 3.7.0.207)
    - AgoraRtcEngine_iOS/SuperResolution (= 3.7.0.207)
    - AgoraRtcEngine_iOS/VideoPreprocess (= 3.7.0.207)
    - AgoraRtcEngine_iOS/VirtualBackground (= 3.7.0.207)
  - AgoraRtcEngine_iOS/AINS (3.7.0.207)
  - AgoraRtcEngine_iOS/AV1Dec (3.7.0.207)
  - AgoraRtcEngine_iOS/ContentInspect (3.7.0.207)
  - AgoraRtcEngine_iOS/FullAudioFormat (3.7.0.207)
  - AgoraRtcEngine_iOS/ReplayKit (3.7.0.207)
  - AgoraRtcEngine_iOS/ROIEnc (3.7.0.207)
  - AgoraRtcEngine_iOS/RtcBasic (3.7.0.207)
  - AgoraRtcEngine_iOS/SpatialAudio (3.7.0.207)
  - AgoraRtcEngine_iOS/SuperResolution (3.7.0.207)
  - AgoraRtcEngine_iOS/VideoPreprocess (3.7.0.207)
  - AgoraRtcEngine_iOS/VirtualBackground (3.7.0.207)
  - FURenderKit (8.3.1)
  - Masonry (1.1.0)

DEPENDENCIES:
  - AGMCapturer_iOS (~> 2.0.1)
  - AgoraRtcEngine_iOS (~> 3.7.0)
  - FURenderKit (~> 8.3.0)
  - Masonry (~> 1.1.0)

SPEC REPOS:
  trunk:
    - AGMCapturer_iOS
    - AgoraRtcEngine_iOS
    - FURenderKit
    - Masonry

SPEC CHECKSUMS:
  AGMCapturer_iOS: db3e573afc0a6cd9f73dfc36b6ef4df7887f922a
  AgoraRtcEngine_iOS: 35ee642a97f517116109cfdaa712ea41dfe6868a
  FURenderKit: f6f1a1f0554d7a0013eded1aa97f9dcba7d4fadd
  Masonry: 678fab65091a9290e40e2832a55e7ab731aad201

PODFILE CHECKSUM: e7cdd5c3fff20e0de1a64f4f0d101099d6db9d88

COCOAPODS: 1.11.3
