// !$*UTF8*$!
{
	archiveVersion = 1;
	classes = {
	};
	objectVersion = 56;
	objects = {

/* Begin PBXBuildFile section */
		6B6A7159293741790003839E /* AppDelegate.swift in Sources */ = {isa = PBXBuildFile; fileRef = 6B6A7158293741790003839E /* AppDelegate.swift */; };
		6B6A715B293741790003839E /* SceneDelegate.swift in Sources */ = {isa = PBXBuildFile; fileRef = 6B6A715A293741790003839E /* SceneDelegate.swift */; };
		6B6A715D293741790003839E /* ViewController.swift in Sources */ = {isa = PBXBuildFile; fileRef = 6B6A715C293741790003839E /* ViewController.swift */; };
		6B6A7160293741790003839E /* Main.storyboard in Resources */ = {isa = PBXBuildFile; fileRef = 6B6A715E293741790003839E /* Main.storyboard */; };
		6B6A71622937417A0003839E /* Assets.xcassets in Resources */ = {isa = PBXBuildFile; fileRef = 6B6A71612937417A0003839E /* Assets.xcassets */; };
		6B6A71652937417A0003839E /* LaunchScreen.storyboard in Resources */ = {isa = PBXBuildFile; fileRef = 6B6A71632937417A0003839E /* LaunchScreen.storyboard */; };
		6B6A738429385CE60003839E /* VideoProcessingManager.m in Sources */ = {isa = PBXBuildFile; fileRef = 6B6A733F29385CE60003839E /* VideoProcessingManager.m */; };
		6B6A738529385CE60003839E /* CapturerManager.m in Sources */ = {isa = PBXBuildFile; fileRef = 6B6A734329385CE60003839E /* CapturerManager.m */; };
		6B6ACFE7293DE2CD0003839E /* UserInfo.swift in Sources */ = {isa = PBXBuildFile; fileRef = 6B6ACFE6293DE2CD0003839E /* UserInfo.swift */; };
		6B6AD3A9293EFA8C0003839E /* FUViewModel.m in Sources */ = {isa = PBXBuildFile; fileRef = 6B6AD345293EFA8C0003839E /* FUViewModel.m */; };
		6B6AD3AA293EFA8C0003839E /* FUBeautySkinViewModel.m in Sources */ = {isa = PBXBuildFile; fileRef = 6B6AD346293EFA8C0003839E /* FUBeautySkinViewModel.m */; };
		6B6AD3AB293EFA8C0003839E /* FUBeautyShapeViewModel.m in Sources */ = {isa = PBXBuildFile; fileRef = 6B6AD347293EFA8C0003839E /* FUBeautyShapeViewModel.m */; };
		6B6AD3AC293EFA8C0003839E /* FUStickerViewModel.m in Sources */ = {isa = PBXBuildFile; fileRef = 6B6AD34E293EFA8C0003839E /* FUStickerViewModel.m */; };
		6B6AD3AD293EFA8C0003839E /* FUMakeupViewModel.m in Sources */ = {isa = PBXBuildFile; fileRef = 6B6AD350293EFA8C0003839E /* FUMakeupViewModel.m */; };
		6B6AD3AE293EFA8C0003839E /* FUFilterViewModel.m in Sources */ = {isa = PBXBuildFile; fileRef = 6B6AD351293EFA8C0003839E /* FUFilterViewModel.m */; };
		6B6AD3AF293EFA8C0003839E /* FUBeautyBodyViewModel.m in Sources */ = {isa = PBXBuildFile; fileRef = 6B6AD352293EFA8C0003839E /* FUBeautyBodyViewModel.m */; };
		6B6AD3B0293EFA8C0003839E /* FUDemoManager.m in Sources */ = {isa = PBXBuildFile; fileRef = 6B6AD354293EFA8C0003839E /* FUDemoManager.m */; };
		6B6AD3B1293EFA8C0003839E /* FUTestRecorder.m in Sources */ = {isa = PBXBuildFile; fileRef = 6B6AD358293EFA8C0003839E /* FUTestRecorder.m */; };
		6B6AD3B2293EFA8C0003839E /* FUBeautyShapeModel.m in Sources */ = {isa = PBXBuildFile; fileRef = 6B6AD35B293EFA8C0003839E /* FUBeautyShapeModel.m */; };
		6B6AD3B3293EFA8C0003839E /* FUBeautySkinModel.m in Sources */ = {isa = PBXBuildFile; fileRef = 6B6AD35C293EFA8C0003839E /* FUBeautySkinModel.m */; };
		6B6AD3B4293EFA8C0003839E /* FUBeautyBodyModel.m in Sources */ = {isa = PBXBuildFile; fileRef = 6B6AD35D293EFA8C0003839E /* FUBeautyBodyModel.m */; };
		6B6AD3B5293EFA8C0003839E /* FUFilterModel.m in Sources */ = {isa = PBXBuildFile; fileRef = 6B6AD35E293EFA8C0003839E /* FUFilterModel.m */; };
		6B6AD3B6293EFA8C0003839E /* FUModel.m in Sources */ = {isa = PBXBuildFile; fileRef = 6B6AD362293EFA8C0003839E /* FUModel.m */; };
		6B6AD3B7293EFA8C0003839E /* FUStickerModel.m in Sources */ = {isa = PBXBuildFile; fileRef = 6B6AD366293EFA8C0003839E /* FUStickerModel.m */; };
		6B6AD3B8293EFA8C0003839E /* FUMakeupModel.m in Sources */ = {isa = PBXBuildFile; fileRef = 6B6AD367293EFA8C0003839E /* FUMakeupModel.m */; };
		6B6AD3B9293EFA8C0003839E /* FUBottomBar.m in Sources */ = {isa = PBXBuildFile; fileRef = 6B6AD369293EFA8C0003839E /* FUBottomBar.m */; };
		6B6AD3BA293EFA8C0003839E /* FUSlider.m in Sources */ = {isa = PBXBuildFile; fileRef = 6B6AD36B293EFA8C0003839E /* FUSlider.m */; };
		6B6AD3BB293EFA8C0003839E /* FUSquareButton.m in Sources */ = {isa = PBXBuildFile; fileRef = 6B6AD36C293EFA8C0003839E /* FUSquareButton.m */; };
		6B6AD3BC293EFA8C0003839E /* FUOthersFunctionView.m in Sources */ = {isa = PBXBuildFile; fileRef = 6B6AD36E293EFA8C0003839E /* FUOthersFunctionView.m */; };
		6B6AD3BD293EFA8C0003839E /* FUFunctionView.m in Sources */ = {isa = PBXBuildFile; fileRef = 6B6AD371293EFA8C0003839E /* FUFunctionView.m */; };
		6B6AD3BE293EFA8C0003839E /* FUBeautyFunctionView.m in Sources */ = {isa = PBXBuildFile; fileRef = 6B6AD372293EFA8C0003839E /* FUBeautyFunctionView.m */; };
		6B6AD3BF293EFA8C0003839E /* FaceUnity.strings in Resources */ = {isa = PBXBuildFile; fileRef = 6B6AD377293EFA8C0003839E /* FaceUnity.strings */; };
		6B6AD3C0293EFA8C0003839E /* oumei.bundle in Resources */ = {isa = PBXBuildFile; fileRef = 6B6AD37A293EFA8C0003839E /* oumei.bundle */; };
		6B6AD3C1293EFA8C0003839E /* Rose.bundle in Resources */ = {isa = PBXBuildFile; fileRef = 6B6AD37B293EFA8C0003839E /* Rose.bundle */; };
		6B6AD3C2293EFA8C0003839E /* linjia.bundle in Resources */ = {isa = PBXBuildFile; fileRef = 6B6AD37C293EFA8C0003839E /* linjia.bundle */; };
		6B6AD3C3293EFA8C0003839E /* yanshimao.bundle in Resources */ = {isa = PBXBuildFile; fileRef = 6B6AD37D293EFA8C0003839E /* yanshimao.bundle */; };
		6B6AD3C4293EFA8C0003839E /* tianmei.bundle in Resources */ = {isa = PBXBuildFile; fileRef = 6B6AD37E293EFA8C0003839E /* tianmei.bundle */; };
		6B6AD3C5293EFA8C0003839E /* ziyun.bundle in Resources */ = {isa = PBXBuildFile; fileRef = 6B6AD37F293EFA8C0003839E /* ziyun.bundle */; };
		6B6AD3C6293EFA8C0003839E /* chaomo.bundle in Resources */ = {isa = PBXBuildFile; fileRef = 6B6AD380293EFA8C0003839E /* chaomo.bundle */; };
		6B6AD3C7293EFA8C0003839E /* hongfeng.bundle in Resources */ = {isa = PBXBuildFile; fileRef = 6B6AD381293EFA8C0003839E /* hongfeng.bundle */; };
		6B6AD3C8293EFA8C0003839E /* jianling.bundle in Resources */ = {isa = PBXBuildFile; fileRef = 6B6AD382293EFA8C0003839E /* jianling.bundle */; };
		6B6AD3C9293EFA8C0003839E /* gangfeng.bundle in Resources */ = {isa = PBXBuildFile; fileRef = 6B6AD383293EFA8C0003839E /* gangfeng.bundle */; };
		6B6AD3CA293EFA8C0003839E /* chuju.bundle in Resources */ = {isa = PBXBuildFile; fileRef = 6B6AD384293EFA8C0003839E /* chuju.bundle */; };
		6B6AD3CB293EFA8C0003839E /* renyu.bundle in Resources */ = {isa = PBXBuildFile; fileRef = 6B6AD385293EFA8C0003839E /* renyu.bundle */; };
		6B6AD3CC293EFA8C0003839E /* qianzhihe.bundle in Resources */ = {isa = PBXBuildFile; fileRef = 6B6AD386293EFA8C0003839E /* qianzhihe.bundle */; };
		6B6AD3CD293EFA8C0003839E /* wumei.bundle in Resources */ = {isa = PBXBuildFile; fileRef = 6B6AD387293EFA8C0003839E /* wumei.bundle */; };
		6B6AD3CE293EFA8C0003839E /* shaonv.bundle in Resources */ = {isa = PBXBuildFile; fileRef = 6B6AD388293EFA8C0003839E /* shaonv.bundle */; };
		6B6AD3CF293EFA8C0003839E /* chuqiu.bundle in Resources */ = {isa = PBXBuildFile; fileRef = 6B6AD389293EFA8C0003839E /* chuqiu.bundle */; };
		6B6AD3D0293EFA8C0003839E /* nuandong.bundle in Resources */ = {isa = PBXBuildFile; fileRef = 6B6AD38A293EFA8C0003839E /* nuandong.bundle */; };
		6B6AD3D1293EFA8C0003839E /* xinggan.bundle in Resources */ = {isa = PBXBuildFile; fileRef = 6B6AD38B293EFA8C0003839E /* xinggan.bundle */; };
		6B6AD3D2293EFA8C0003839E /* FaceUnity.xcassets in Resources */ = {isa = PBXBuildFile; fileRef = 6B6AD38D293EFA8C0003839E /* FaceUnity.xcassets */; };
		6B6AD3D3293EFA8C0003839E /* fashi.bundle in Resources */ = {isa = PBXBuildFile; fileRef = 6B6AD38F293EFA8C0003839E /* fashi.bundle */; };
		6B6AD3D4293EFA8C0003839E /* sdlu.bundle in Resources */ = {isa = PBXBuildFile; fileRef = 6B6AD390293EFA8C0003839E /* sdlu.bundle */; };
		6B6AD3D5293EFA8C0003839E /* xueqiu_lm_fu.bundle in Resources */ = {isa = PBXBuildFile; fileRef = 6B6AD391293EFA8C0003839E /* xueqiu_lm_fu.bundle */; };
		6B6AD3D6293EFA8C0003839E /* DaisyPig.bundle in Resources */ = {isa = PBXBuildFile; fileRef = 6B6AD392293EFA8C0003839E /* DaisyPig.bundle */; };
		6B6AD3D7293EFA8C0003839E /* FUManager.m in Sources */ = {isa = PBXBuildFile; fileRef = 6B6AD393293EFA8C0003839E /* FUManager.m */; };
		6B6AD3D9293EFA8C0003839E /* ai_human_processor_mb_fast.bundle in Resources */ = {isa = PBXBuildFile; fileRef = 6B6AD399293EFA8C0003839E /* ai_human_processor_mb_fast.bundle */; };
		6B6AD3DF293EFA8C0003839E /* ai_hairseg.bundle in Resources */ = {isa = PBXBuildFile; fileRef = 6B6AD39F293EFA8C0003839E /* ai_hairseg.bundle */; };
		6B6AD3E9293F4A890003839E /* NetworkManager.swift in Sources */ = {isa = PBXBuildFile; fileRef = 6B6AD3E8293F4A890003839E /* NetworkManager.swift */; };
		6B6AD3EB293F4ACF0003839E /* KeyCenter.swift in Sources */ = {isa = PBXBuildFile; fileRef = 6B6AD3EA293F4ACF0003839E /* KeyCenter.swift */; };
		6B6AD45B2940AA0C0003839E /* AGMEAGLContext.m in Sources */ = {isa = PBXBuildFile; fileRef = 6B6AD4412940AA0B0003839E /* AGMEAGLContext.m */; };
		6B6AD45C2940AA0C0003839E /* AGMCVPixelBuffer.m in Sources */ = {isa = PBXBuildFile; fileRef = 6B6AD4422940AA0B0003839E /* AGMCVPixelBuffer.m */; };
		6B6AD45D2940AA0C0003839E /* AGMDefaultShader.mm in Sources */ = {isa = PBXBuildFile; fileRef = 6B6AD4442940AA0B0003839E /* AGMDefaultShader.mm */; };
		6B6AD45E2940AA0C0003839E /* AGMRGBATexture.m in Sources */ = {isa = PBXBuildFile; fileRef = 6B6AD4452940AA0B0003839E /* AGMRGBATexture.m */; };
		6B6AD45F2940AA0C0003839E /* AGMRGBATextureCache.m in Sources */ = {isa = PBXBuildFile; fileRef = 6B6AD4472940AA0B0003839E /* AGMRGBATextureCache.m */; };
		6B6AD4602940AA0C0003839E /* AGMNV12Texture.m in Sources */ = {isa = PBXBuildFile; fileRef = 6B6AD4482940AA0B0003839E /* AGMNV12Texture.m */; };
		6B6AD4612940AA0C0003839E /* AGMNV12TextureCache.m in Sources */ = {isa = PBXBuildFile; fileRef = 6B6AD44C2940AA0B0003839E /* AGMNV12TextureCache.m */; };
		6B6AD4622940AA0C0003839E /* AGMShader.mm in Sources */ = {isa = PBXBuildFile; fileRef = 6B6AD44D2940AA0B0003839E /* AGMShader.mm */; };
		6B6AD4632940AA0C0003839E /* AGMEAGLVideoView.m in Sources */ = {isa = PBXBuildFile; fileRef = 6B6AD4532940AA0B0003839E /* AGMEAGLVideoView.m */; };
		6B6AD4642940AA0C0003839E /* AGMCameraCapturer.m in Sources */ = {isa = PBXBuildFile; fileRef = 6B6AD4582940AA0C0003839E /* AGMCameraCapturer.m */; };
		6B6AD4652940AA0C0003839E /* AGMCapturerVideoConfig.m in Sources */ = {isa = PBXBuildFile; fileRef = 6B6AD4592940AA0C0003839E /* AGMCapturerVideoConfig.m */; };
		99725E7E42364E5302B30344 /* Pods_AgoraDemo.framework in Frameworks */ = {isa = PBXBuildFile; fileRef = D4B7A8CAC0CC515217F95F77 /* Pods_AgoraDemo.framework */; };
/* End PBXBuildFile section */

/* Begin PBXFileReference section */
		0F7076DA68406084BE0516F7 /* Pods-AgoraDemo.debug.xcconfig */ = {isa = PBXFileReference; includeInIndex = 1; lastKnownFileType = text.xcconfig; name = "Pods-AgoraDemo.debug.xcconfig"; path = "Target Support Files/Pods-AgoraDemo/Pods-AgoraDemo.debug.xcconfig"; sourceTree = "<group>"; };
		6B6A7155293741790003839E /* AgoraDemo.app */ = {isa = PBXFileReference; explicitFileType = wrapper.application; includeInIndex = 0; path = AgoraDemo.app; sourceTree = BUILT_PRODUCTS_DIR; };
		6B6A7158293741790003839E /* AppDelegate.swift */ = {isa = PBXFileReference; lastKnownFileType = sourcecode.swift; path = AppDelegate.swift; sourceTree = "<group>"; };
		6B6A715A293741790003839E /* SceneDelegate.swift */ = {isa = PBXFileReference; lastKnownFileType = sourcecode.swift; path = SceneDelegate.swift; sourceTree = "<group>"; };
		6B6A715C293741790003839E /* ViewController.swift */ = {isa = PBXFileReference; lastKnownFileType = sourcecode.swift; path = ViewController.swift; sourceTree = "<group>"; };
		6B6A715F293741790003839E /* Base */ = {isa = PBXFileReference; lastKnownFileType = file.storyboard; name = Base; path = Base.lproj/Main.storyboard; sourceTree = "<group>"; };
		6B6A71612937417A0003839E /* Assets.xcassets */ = {isa = PBXFileReference; lastKnownFileType = folder.assetcatalog; path = Assets.xcassets; sourceTree = "<group>"; };
		6B6A71642937417A0003839E /* Base */ = {isa = PBXFileReference; lastKnownFileType = file.storyboard; name = Base; path = Base.lproj/LaunchScreen.storyboard; sourceTree = "<group>"; };
		6B6A71662937417A0003839E /* Info.plist */ = {isa = PBXFileReference; lastKnownFileType = text.plist.xml; path = Info.plist; sourceTree = "<group>"; };
		6B6A716C29376C600003839E /* AgoraDemo-Bridging-Header.h */ = {isa = PBXFileReference; lastKnownFileType = sourcecode.c.h; path = "AgoraDemo-Bridging-Header.h"; sourceTree = "<group>"; };
		6B6A733E29385CE60003839E /* CapturerManager.h */ = {isa = PBXFileReference; fileEncoding = 4; lastKnownFileType = sourcecode.c.h; path = CapturerManager.h; sourceTree = "<group>"; };
		6B6A733F29385CE60003839E /* VideoProcessingManager.m */ = {isa = PBXFileReference; fileEncoding = 4; lastKnownFileType = sourcecode.c.objc; path = VideoProcessingManager.m; sourceTree = "<group>"; };
		6B6A734029385CE60003839E /* CapturerManagerDelegate.h */ = {isa = PBXFileReference; fileEncoding = 4; lastKnownFileType = sourcecode.c.h; path = CapturerManagerDelegate.h; sourceTree = "<group>"; };
		6B6A734129385CE60003839E /* VideoFilterDelegate.h */ = {isa = PBXFileReference; fileEncoding = 4; lastKnownFileType = sourcecode.c.h; path = VideoFilterDelegate.h; sourceTree = "<group>"; };
		6B6A734229385CE60003839E /* VideoProcessingManager.h */ = {isa = PBXFileReference; fileEncoding = 4; lastKnownFileType = sourcecode.c.h; path = VideoProcessingManager.h; sourceTree = "<group>"; };
		6B6A734329385CE60003839E /* CapturerManager.m */ = {isa = PBXFileReference; fileEncoding = 4; lastKnownFileType = sourcecode.c.objc; path = CapturerManager.m; sourceTree = "<group>"; };
		6B6ACFE6293DE2CD0003839E /* UserInfo.swift */ = {isa = PBXFileReference; lastKnownFileType = sourcecode.swift; path = UserInfo.swift; sourceTree = "<group>"; };
		6B6AD345293EFA8C0003839E /* FUViewModel.m */ = {isa = PBXFileReference; fileEncoding = 4; lastKnownFileType = sourcecode.c.objc; path = FUViewModel.m; sourceTree = "<group>"; };
		6B6AD346293EFA8C0003839E /* FUBeautySkinViewModel.m */ = {isa = PBXFileReference; fileEncoding = 4; lastKnownFileType = sourcecode.c.objc; path = FUBeautySkinViewModel.m; sourceTree = "<group>"; };
		6B6AD347293EFA8C0003839E /* FUBeautyShapeViewModel.m */ = {isa = PBXFileReference; fileEncoding = 4; lastKnownFileType = sourcecode.c.objc; path = FUBeautyShapeViewModel.m; sourceTree = "<group>"; };
		6B6AD348293EFA8C0003839E /* FUStickerViewModel.h */ = {isa = PBXFileReference; fileEncoding = 4; lastKnownFileType = sourcecode.c.h; path = FUStickerViewModel.h; sourceTree = "<group>"; };
		6B6AD349293EFA8C0003839E /* FUBeautyBodyViewModel.h */ = {isa = PBXFileReference; fileEncoding = 4; lastKnownFileType = sourcecode.c.h; path = FUBeautyBodyViewModel.h; sourceTree = "<group>"; };
		6B6AD34A293EFA8C0003839E /* FUFilterViewModel.h */ = {isa = PBXFileReference; fileEncoding = 4; lastKnownFileType = sourcecode.c.h; path = FUFilterViewModel.h; sourceTree = "<group>"; };
		6B6AD34B293EFA8C0003839E /* FUMakeupViewModel.h */ = {isa = PBXFileReference; fileEncoding = 4; lastKnownFileType = sourcecode.c.h; path = FUMakeupViewModel.h; sourceTree = "<group>"; };
		6B6AD34C293EFA8C0003839E /* FUViewModel.h */ = {isa = PBXFileReference; fileEncoding = 4; lastKnownFileType = sourcecode.c.h; path = FUViewModel.h; sourceTree = "<group>"; };
		6B6AD34D293EFA8C0003839E /* FUBeautySkinViewModel.h */ = {isa = PBXFileReference; fileEncoding = 4; lastKnownFileType = sourcecode.c.h; path = FUBeautySkinViewModel.h; sourceTree = "<group>"; };
		6B6AD34E293EFA8C0003839E /* FUStickerViewModel.m */ = {isa = PBXFileReference; fileEncoding = 4; lastKnownFileType = sourcecode.c.objc; path = FUStickerViewModel.m; sourceTree = "<group>"; };
		6B6AD34F293EFA8C0003839E /* FUBeautyShapeViewModel.h */ = {isa = PBXFileReference; fileEncoding = 4; lastKnownFileType = sourcecode.c.h; path = FUBeautyShapeViewModel.h; sourceTree = "<group>"; };
		6B6AD350293EFA8C0003839E /* FUMakeupViewModel.m */ = {isa = PBXFileReference; fileEncoding = 4; lastKnownFileType = sourcecode.c.objc; path = FUMakeupViewModel.m; sourceTree = "<group>"; };
		6B6AD351293EFA8C0003839E /* FUFilterViewModel.m */ = {isa = PBXFileReference; fileEncoding = 4; lastKnownFileType = sourcecode.c.objc; path = FUFilterViewModel.m; sourceTree = "<group>"; };
		6B6AD352293EFA8C0003839E /* FUBeautyBodyViewModel.m */ = {isa = PBXFileReference; fileEncoding = 4; lastKnownFileType = sourcecode.c.objc; path = FUBeautyBodyViewModel.m; sourceTree = "<group>"; };
		6B6AD353293EFA8C0003839E /* FUTestRecorder.h */ = {isa = PBXFileReference; fileEncoding = 4; lastKnownFileType = sourcecode.c.h; path = FUTestRecorder.h; sourceTree = "<group>"; };
		6B6AD354293EFA8C0003839E /* FUDemoManager.m */ = {isa = PBXFileReference; fileEncoding = 4; lastKnownFileType = sourcecode.c.objc; path = FUDemoManager.m; sourceTree = "<group>"; };
		6B6AD355293EFA8C0003839E /* FUManager.h */ = {isa = PBXFileReference; fileEncoding = 4; lastKnownFileType = sourcecode.c.h; path = FUManager.h; sourceTree = "<group>"; };
		6B6AD357293EFA8C0003839E /* FUDefines.h */ = {isa = PBXFileReference; fileEncoding = 4; lastKnownFileType = sourcecode.c.h; path = FUDefines.h; sourceTree = "<group>"; };
		6B6AD358293EFA8C0003839E /* FUTestRecorder.m */ = {isa = PBXFileReference; fileEncoding = 4; lastKnownFileType = sourcecode.c.objc; path = FUTestRecorder.m; sourceTree = "<group>"; };
		6B6AD35A293EFA8C0003839E /* FUModel.h */ = {isa = PBXFileReference; fileEncoding = 4; lastKnownFileType = sourcecode.c.h; path = FUModel.h; sourceTree = "<group>"; };
		6B6AD35B293EFA8C0003839E /* FUBeautyShapeModel.m */ = {isa = PBXFileReference; fileEncoding = 4; lastKnownFileType = sourcecode.c.objc; path = FUBeautyShapeModel.m; sourceTree = "<group>"; };
		6B6AD35C293EFA8C0003839E /* FUBeautySkinModel.m */ = {isa = PBXFileReference; fileEncoding = 4; lastKnownFileType = sourcecode.c.objc; path = FUBeautySkinModel.m; sourceTree = "<group>"; };
		6B6AD35D293EFA8C0003839E /* FUBeautyBodyModel.m */ = {isa = PBXFileReference; fileEncoding = 4; lastKnownFileType = sourcecode.c.objc; path = FUBeautyBodyModel.m; sourceTree = "<group>"; };
		6B6AD35E293EFA8C0003839E /* FUFilterModel.m */ = {isa = PBXFileReference; fileEncoding = 4; lastKnownFileType = sourcecode.c.objc; path = FUFilterModel.m; sourceTree = "<group>"; };
		6B6AD35F293EFA8C0003839E /* FUMakeupModel.h */ = {isa = PBXFileReference; fileEncoding = 4; lastKnownFileType = sourcecode.c.h; path = FUMakeupModel.h; sourceTree = "<group>"; };
		6B6AD360293EFA8C0003839E /* FUStickerModel.h */ = {isa = PBXFileReference; fileEncoding = 4; lastKnownFileType = sourcecode.c.h; path = FUStickerModel.h; sourceTree = "<group>"; };
		6B6AD361293EFA8C0003839E /* FUBeautyShapeModel.h */ = {isa = PBXFileReference; fileEncoding = 4; lastKnownFileType = sourcecode.c.h; path = FUBeautyShapeModel.h; sourceTree = "<group>"; };
		6B6AD362293EFA8C0003839E /* FUModel.m */ = {isa = PBXFileReference; fileEncoding = 4; lastKnownFileType = sourcecode.c.objc; path = FUModel.m; sourceTree = "<group>"; };
		6B6AD363293EFA8C0003839E /* FUFilterModel.h */ = {isa = PBXFileReference; fileEncoding = 4; lastKnownFileType = sourcecode.c.h; path = FUFilterModel.h; sourceTree = "<group>"; };
		6B6AD364293EFA8C0003839E /* FUBeautyBodyModel.h */ = {isa = PBXFileReference; fileEncoding = 4; lastKnownFileType = sourcecode.c.h; path = FUBeautyBodyModel.h; sourceTree = "<group>"; };
		6B6AD365293EFA8C0003839E /* FUBeautySkinModel.h */ = {isa = PBXFileReference; fileEncoding = 4; lastKnownFileType = sourcecode.c.h; path = FUBeautySkinModel.h; sourceTree = "<group>"; };
		6B6AD366293EFA8C0003839E /* FUStickerModel.m */ = {isa = PBXFileReference; fileEncoding = 4; lastKnownFileType = sourcecode.c.objc; path = FUStickerModel.m; sourceTree = "<group>"; };
		6B6AD367293EFA8C0003839E /* FUMakeupModel.m */ = {isa = PBXFileReference; fileEncoding = 4; lastKnownFileType = sourcecode.c.objc; path = FUMakeupModel.m; sourceTree = "<group>"; };
		6B6AD369293EFA8C0003839E /* FUBottomBar.m */ = {isa = PBXFileReference; fileEncoding = 4; lastKnownFileType = sourcecode.c.objc; path = FUBottomBar.m; sourceTree = "<group>"; };
		6B6AD36A293EFA8C0003839E /* FUFunctionView.h */ = {isa = PBXFileReference; fileEncoding = 4; lastKnownFileType = sourcecode.c.h; path = FUFunctionView.h; sourceTree = "<group>"; };
		6B6AD36B293EFA8C0003839E /* FUSlider.m */ = {isa = PBXFileReference; fileEncoding = 4; lastKnownFileType = sourcecode.c.objc; path = FUSlider.m; sourceTree = "<group>"; };
		6B6AD36C293EFA8C0003839E /* FUSquareButton.m */ = {isa = PBXFileReference; fileEncoding = 4; lastKnownFileType = sourcecode.c.objc; path = FUSquareButton.m; sourceTree = "<group>"; };
		6B6AD36D293EFA8C0003839E /* FUBeautyFunctionView.h */ = {isa = PBXFileReference; fileEncoding = 4; lastKnownFileType = sourcecode.c.h; path = FUBeautyFunctionView.h; sourceTree = "<group>"; };
		6B6AD36E293EFA8C0003839E /* FUOthersFunctionView.m */ = {isa = PBXFileReference; fileEncoding = 4; lastKnownFileType = sourcecode.c.objc; path = FUOthersFunctionView.m; sourceTree = "<group>"; };
		6B6AD36F293EFA8C0003839E /* FUBottomBar.h */ = {isa = PBXFileReference; fileEncoding = 4; lastKnownFileType = sourcecode.c.h; path = FUBottomBar.h; sourceTree = "<group>"; };
		6B6AD370293EFA8C0003839E /* FUSlider.h */ = {isa = PBXFileReference; fileEncoding = 4; lastKnownFileType = sourcecode.c.h; path = FUSlider.h; sourceTree = "<group>"; };
		6B6AD371293EFA8C0003839E /* FUFunctionView.m */ = {isa = PBXFileReference; fileEncoding = 4; lastKnownFileType = sourcecode.c.objc; path = FUFunctionView.m; sourceTree = "<group>"; };
		6B6AD372293EFA8C0003839E /* FUBeautyFunctionView.m */ = {isa = PBXFileReference; fileEncoding = 4; lastKnownFileType = sourcecode.c.objc; path = FUBeautyFunctionView.m; sourceTree = "<group>"; };
		6B6AD373293EFA8C0003839E /* FUSquareButton.h */ = {isa = PBXFileReference; fileEncoding = 4; lastKnownFileType = sourcecode.c.h; path = FUSquareButton.h; sourceTree = "<group>"; };
		6B6AD374293EFA8C0003839E /* FUOthersFunctionView.h */ = {isa = PBXFileReference; fileEncoding = 4; lastKnownFileType = sourcecode.c.h; path = FUOthersFunctionView.h; sourceTree = "<group>"; };
		6B6AD375293EFA8C0003839E /* FUDemoManager.h */ = {isa = PBXFileReference; fileEncoding = 4; lastKnownFileType = sourcecode.c.h; path = FUDemoManager.h; sourceTree = "<group>"; };
		6B6AD378293EFA8C0003839E /* zh-Hans */ = {isa = PBXFileReference; lastKnownFileType = text.plist.strings; name = "zh-Hans"; path = "zh-Hans.lproj/FaceUnity.strings"; sourceTree = "<group>"; };
		6B6AD37A293EFA8C0003839E /* oumei.bundle */ = {isa = PBXFileReference; lastKnownFileType = file; path = oumei.bundle; sourceTree = "<group>"; };
		6B6AD37B293EFA8C0003839E /* Rose.bundle */ = {isa = PBXFileReference; lastKnownFileType = file; path = Rose.bundle; sourceTree = "<group>"; };
		6B6AD37C293EFA8C0003839E /* linjia.bundle */ = {isa = PBXFileReference; lastKnownFileType = file; path = linjia.bundle; sourceTree = "<group>"; };
		6B6AD37D293EFA8C0003839E /* yanshimao.bundle */ = {isa = PBXFileReference; lastKnownFileType = file; path = yanshimao.bundle; sourceTree = "<group>"; };
		6B6AD37E293EFA8C0003839E /* tianmei.bundle */ = {isa = PBXFileReference; lastKnownFileType = file; path = tianmei.bundle; sourceTree = "<group>"; };
		6B6AD37F293EFA8C0003839E /* ziyun.bundle */ = {isa = PBXFileReference; lastKnownFileType = file; path = ziyun.bundle; sourceTree = "<group>"; };
		6B6AD380293EFA8C0003839E /* chaomo.bundle */ = {isa = PBXFileReference; lastKnownFileType = file; path = chaomo.bundle; sourceTree = "<group>"; };
		6B6AD381293EFA8C0003839E /* hongfeng.bundle */ = {isa = PBXFileReference; lastKnownFileType = file; path = hongfeng.bundle; sourceTree = "<group>"; };
		6B6AD382293EFA8C0003839E /* jianling.bundle */ = {isa = PBXFileReference; lastKnownFileType = file; path = jianling.bundle; sourceTree = "<group>"; };
		6B6AD383293EFA8C0003839E /* gangfeng.bundle */ = {isa = PBXFileReference; lastKnownFileType = file; path = gangfeng.bundle; sourceTree = "<group>"; };
		6B6AD384293EFA8C0003839E /* chuju.bundle */ = {isa = PBXFileReference; lastKnownFileType = file; path = chuju.bundle; sourceTree = "<group>"; };
		6B6AD385293EFA8C0003839E /* renyu.bundle */ = {isa = PBXFileReference; lastKnownFileType = file; path = renyu.bundle; sourceTree = "<group>"; };
		6B6AD386293EFA8C0003839E /* qianzhihe.bundle */ = {isa = PBXFileReference; lastKnownFileType = file; path = qianzhihe.bundle; sourceTree = "<group>"; };
		6B6AD387293EFA8C0003839E /* wumei.bundle */ = {isa = PBXFileReference; lastKnownFileType = file; path = wumei.bundle; sourceTree = "<group>"; };
		6B6AD388293EFA8C0003839E /* shaonv.bundle */ = {isa = PBXFileReference; lastKnownFileType = file; path = shaonv.bundle; sourceTree = "<group>"; };
		6B6AD389293EFA8C0003839E /* chuqiu.bundle */ = {isa = PBXFileReference; lastKnownFileType = file; path = chuqiu.bundle; sourceTree = "<group>"; };
		6B6AD38A293EFA8C0003839E /* nuandong.bundle */ = {isa = PBXFileReference; lastKnownFileType = file; path = nuandong.bundle; sourceTree = "<group>"; };
		6B6AD38B293EFA8C0003839E /* xinggan.bundle */ = {isa = PBXFileReference; lastKnownFileType = file; path = xinggan.bundle; sourceTree = "<group>"; };
		6B6AD38C293EFA8C0003839E /* en */ = {isa = PBXFileReference; lastKnownFileType = text.plist.strings; name = en; path = en.lproj/FaceUnity.strings; sourceTree = "<group>"; };
		6B6AD38D293EFA8C0003839E /* FaceUnity.xcassets */ = {isa = PBXFileReference; lastKnownFileType = folder.assetcatalog; path = FaceUnity.xcassets; sourceTree = "<group>"; };
		6B6AD38F293EFA8C0003839E /* fashi.bundle */ = {isa = PBXFileReference; lastKnownFileType = file; path = fashi.bundle; sourceTree = "<group>"; };
		6B6AD390293EFA8C0003839E /* sdlu.bundle */ = {isa = PBXFileReference; lastKnownFileType = file; path = sdlu.bundle; sourceTree = "<group>"; };
		6B6AD391293EFA8C0003839E /* xueqiu_lm_fu.bundle */ = {isa = PBXFileReference; lastKnownFileType = file; path = xueqiu_lm_fu.bundle; sourceTree = "<group>"; };
		6B6AD392293EFA8C0003839E /* DaisyPig.bundle */ = {isa = PBXFileReference; lastKnownFileType = file; path = DaisyPig.bundle; sourceTree = "<group>"; };
		6B6AD393293EFA8C0003839E /* FUManager.m */ = {isa = PBXFileReference; fileEncoding = 4; lastKnownFileType = sourcecode.c.objc; path = FUManager.m; sourceTree = "<group>"; };
		6B6AD396293EFA8C0003839E /* authpack.h */ = {isa = PBXFileReference; fileEncoding = 4; lastKnownFileType = sourcecode.c.h; path = authpack.h; sourceTree = "<group>"; };
		6B6AD399293EFA8C0003839E /* ai_human_processor_mb_fast.bundle */ = {isa = PBXFileReference; fileEncoding = 4; lastKnownFileType = text; path = ai_human_processor_mb_fast.bundle; sourceTree = "<group>"; };
		6B6AD39A293EFA8C0003839E /* ai_face_recognizer.bundle */ = {isa = PBXFileReference; lastKnownFileType = file; path = ai_face_recognizer.bundle; sourceTree = "<group>"; };
		6B6AD39B293EFA8C0003839E /* ai_hand_processor.bundle */ = {isa = PBXFileReference; lastKnownFileType = file; path = ai_hand_processor.bundle; sourceTree = "<group>"; };
		6B6AD39C293EFA8C0003839E /* ai_face_processor.bundle */ = {isa = PBXFileReference; lastKnownFileType = file; path = ai_face_processor.bundle; sourceTree = "<group>"; };
		6B6AD39D293EFA8C0003839E /* ai_bgseg_green.bundle */ = {isa = PBXFileReference; fileEncoding = 4; lastKnownFileType = text; path = ai_bgseg_green.bundle; sourceTree = "<group>"; };
		6B6AD39E293EFA8C0003839E /* ai_face_processor_lite.bundle */ = {isa = PBXFileReference; lastKnownFileType = file; path = ai_face_processor_lite.bundle; sourceTree = "<group>"; };
		6B6AD39F293EFA8C0003839E /* ai_hairseg.bundle */ = {isa = PBXFileReference; fileEncoding = 4; lastKnownFileType = text; path = ai_hairseg.bundle; sourceTree = "<group>"; };
		6B6AD3A0293EFA8C0003839E /* ai_human_processor.bundle */ = {isa = PBXFileReference; lastKnownFileType = file; path = ai_human_processor.bundle; sourceTree = "<group>"; };
		6B6AD3A2293EFA8C0003839E /* tongue.bundle */ = {isa = PBXFileReference; lastKnownFileType = file; path = tongue.bundle; sourceTree = "<group>"; };
		6B6AD3A3293EFA8C0003839E /* fxaa.bundle */ = {isa = PBXFileReference; lastKnownFileType = file; path = fxaa.bundle; sourceTree = "<group>"; };
		6B6AD3A4293EFA8C0003839E /* face_makeup.bundle */ = {isa = PBXFileReference; lastKnownFileType = file; path = face_makeup.bundle; sourceTree = "<group>"; };
		6B6AD3A5293EFA8C0003839E /* controller_cpp.bundle */ = {isa = PBXFileReference; lastKnownFileType = file; path = controller_cpp.bundle; sourceTree = "<group>"; };
		6B6AD3A6293EFA8C0003839E /* body_slim.bundle */ = {isa = PBXFileReference; lastKnownFileType = file; path = body_slim.bundle; sourceTree = "<group>"; };
		6B6AD3A7293EFA8C0003839E /* fuzzytoonfilter.bundle */ = {isa = PBXFileReference; lastKnownFileType = file; path = fuzzytoonfilter.bundle; sourceTree = "<group>"; };
		6B6AD3A8293EFA8C0003839E /* face_beautification.bundle */ = {isa = PBXFileReference; lastKnownFileType = file; path = face_beautification.bundle; sourceTree = "<group>"; };
		6B6AD3E8293F4A890003839E /* NetworkManager.swift */ = {isa = PBXFileReference; fileEncoding = 4; lastKnownFileType = sourcecode.swift; path = NetworkManager.swift; sourceTree = "<group>"; };
		6B6AD3EA293F4ACF0003839E /* KeyCenter.swift */ = {isa = PBXFileReference; fileEncoding = 4; lastKnownFileType = sourcecode.swift; path = KeyCenter.swift; sourceTree = "<group>"; };
		6B6AD43C2940AA0B0003839E /* AGMNV12Texture.h */ = {isa = PBXFileReference; fileEncoding = 4; lastKnownFileType = sourcecode.c.h; path = AGMNV12Texture.h; sourceTree = "<group>"; };
		6B6AD43D2940AA0B0003839E /* AGMRGBATextureCache.h */ = {isa = PBXFileReference; fileEncoding = 4; lastKnownFileType = sourcecode.c.h; path = AGMRGBATextureCache.h; sourceTree = "<group>"; };
		6B6AD43E2940AA0B0003839E /* AGMNV12TextureCache.h */ = {isa = PBXFileReference; fileEncoding = 4; lastKnownFileType = sourcecode.c.h; path = AGMNV12TextureCache.h; sourceTree = "<group>"; };
		6B6AD43F2940AA0B0003839E /* AGMOpenGLDefines.h */ = {isa = PBXFileReference; fileEncoding = 4; lastKnownFileType = sourcecode.c.h; path = AGMOpenGLDefines.h; sourceTree = "<group>"; };
		6B6AD4402940AA0B0003839E /* AGMDefaultShader.h */ = {isa = PBXFileReference; fileEncoding = 4; lastKnownFileType = sourcecode.c.h; path = AGMDefaultShader.h; sourceTree = "<group>"; };
		6B6AD4412940AA0B0003839E /* AGMEAGLContext.m */ = {isa = PBXFileReference; fileEncoding = 4; lastKnownFileType = sourcecode.c.objc; path = AGMEAGLContext.m; sourceTree = "<group>"; };
		6B6AD4422940AA0B0003839E /* AGMCVPixelBuffer.m */ = {isa = PBXFileReference; fileEncoding = 4; lastKnownFileType = sourcecode.c.objc; path = AGMCVPixelBuffer.m; sourceTree = "<group>"; };
		6B6AD4432940AA0B0003839E /* AGMShader.h */ = {isa = PBXFileReference; fileEncoding = 4; lastKnownFileType = sourcecode.c.h; path = AGMShader.h; sourceTree = "<group>"; };
		6B6AD4442940AA0B0003839E /* AGMDefaultShader.mm */ = {isa = PBXFileReference; fileEncoding = 4; lastKnownFileType = sourcecode.cpp.objcpp; path = AGMDefaultShader.mm; sourceTree = "<group>"; };
		6B6AD4452940AA0B0003839E /* AGMRGBATexture.m */ = {isa = PBXFileReference; fileEncoding = 4; lastKnownFileType = sourcecode.c.objc; path = AGMRGBATexture.m; sourceTree = "<group>"; };
		6B6AD4462940AA0B0003839E /* AGMVideoViewShading.h */ = {isa = PBXFileReference; fileEncoding = 4; lastKnownFileType = sourcecode.c.h; path = AGMVideoViewShading.h; sourceTree = "<group>"; };
		6B6AD4472940AA0B0003839E /* AGMRGBATextureCache.m */ = {isa = PBXFileReference; fileEncoding = 4; lastKnownFileType = sourcecode.c.objc; path = AGMRGBATextureCache.m; sourceTree = "<group>"; };
		6B6AD4482940AA0B0003839E /* AGMNV12Texture.m */ = {isa = PBXFileReference; fileEncoding = 4; lastKnownFileType = sourcecode.c.objc; path = AGMNV12Texture.m; sourceTree = "<group>"; };
		6B6AD4492940AA0B0003839E /* AGMEAGLContext.h */ = {isa = PBXFileReference; fileEncoding = 4; lastKnownFileType = sourcecode.c.h; path = AGMEAGLContext.h; sourceTree = "<group>"; };
		6B6AD44A2940AA0B0003839E /* AGMCVPixelBuffer.h */ = {isa = PBXFileReference; fileEncoding = 4; lastKnownFileType = sourcecode.c.h; path = AGMCVPixelBuffer.h; sourceTree = "<group>"; };
		6B6AD44B2940AA0B0003839E /* AGMMacros.h */ = {isa = PBXFileReference; fileEncoding = 4; lastKnownFileType = sourcecode.c.h; path = AGMMacros.h; sourceTree = "<group>"; };
		6B6AD44C2940AA0B0003839E /* AGMNV12TextureCache.m */ = {isa = PBXFileReference; fileEncoding = 4; lastKnownFileType = sourcecode.c.objc; path = AGMNV12TextureCache.m; sourceTree = "<group>"; };
		6B6AD44D2940AA0B0003839E /* AGMShader.mm */ = {isa = PBXFileReference; fileEncoding = 4; lastKnownFileType = sourcecode.cpp.objcpp; path = AGMShader.mm; sourceTree = "<group>"; };
		6B6AD44E2940AA0B0003839E /* AGMBase.h */ = {isa = PBXFileReference; fileEncoding = 4; lastKnownFileType = sourcecode.c.h; path = AGMBase.h; sourceTree = "<group>"; };
		6B6AD44F2940AA0B0003839E /* AGMRGBATexture.h */ = {isa = PBXFileReference; fileEncoding = 4; lastKnownFileType = sourcecode.c.h; path = AGMRGBATexture.h; sourceTree = "<group>"; };
		6B6AD4502940AA0B0003839E /* AGMVideoFrame.h */ = {isa = PBXFileReference; fileEncoding = 4; lastKnownFileType = sourcecode.c.h; path = AGMVideoFrame.h; sourceTree = "<group>"; };
		6B6AD4522940AA0B0003839E /* AGMRenderer.h */ = {isa = PBXFileReference; fileEncoding = 4; lastKnownFileType = sourcecode.c.h; path = AGMRenderer.h; sourceTree = "<group>"; };
		6B6AD4532940AA0B0003839E /* AGMEAGLVideoView.m */ = {isa = PBXFileReference; fileEncoding = 4; lastKnownFileType = sourcecode.c.objc; path = AGMEAGLVideoView.m; sourceTree = "<group>"; };
		6B6AD4542940AA0B0003839E /* AGMEAGLVideoView.h */ = {isa = PBXFileReference; fileEncoding = 4; lastKnownFileType = sourcecode.c.h; path = AGMEAGLVideoView.h; sourceTree = "<group>"; };
		6B6AD4562940AA0C0003839E /* AGMCapturerVideoConfig.h */ = {isa = PBXFileReference; fileEncoding = 4; lastKnownFileType = sourcecode.c.h; path = AGMCapturerVideoConfig.h; sourceTree = "<group>"; };
		6B6AD4572940AA0C0003839E /* AGMCapturer.h */ = {isa = PBXFileReference; fileEncoding = 4; lastKnownFileType = sourcecode.c.h; path = AGMCapturer.h; sourceTree = "<group>"; };
		6B6AD4582940AA0C0003839E /* AGMCameraCapturer.m */ = {isa = PBXFileReference; fileEncoding = 4; lastKnownFileType = sourcecode.c.objc; path = AGMCameraCapturer.m; sourceTree = "<group>"; };
		6B6AD4592940AA0C0003839E /* AGMCapturerVideoConfig.m */ = {isa = PBXFileReference; fileEncoding = 4; lastKnownFileType = sourcecode.c.objc; path = AGMCapturerVideoConfig.m; sourceTree = "<group>"; };
		6B6AD45A2940AA0C0003839E /* AGMCameraCapturer.h */ = {isa = PBXFileReference; fileEncoding = 4; lastKnownFileType = sourcecode.c.h; path = AGMCameraCapturer.h; sourceTree = "<group>"; };
		C5769544EAEF7A79EB5FF676 /* Pods-AgoraDemo.release.xcconfig */ = {isa = PBXFileReference; includeInIndex = 1; lastKnownFileType = text.xcconfig; name = "Pods-AgoraDemo.release.xcconfig"; path = "Target Support Files/Pods-AgoraDemo/Pods-AgoraDemo.release.xcconfig"; sourceTree = "<group>"; };
		D4B7A8CAC0CC515217F95F77 /* Pods_AgoraDemo.framework */ = {isa = PBXFileReference; explicitFileType = wrapper.framework; includeInIndex = 0; path = Pods_AgoraDemo.framework; sourceTree = BUILT_PRODUCTS_DIR; };
/* End PBXFileReference section */

/* Begin PBXFrameworksBuildPhase section */
		6B6A7152293741790003839E /* Frameworks */ = {
			isa = PBXFrameworksBuildPhase;
			buildActionMask = 2147483647;
			files = (
				99725E7E42364E5302B30344 /* Pods_AgoraDemo.framework in Frameworks */,
			);
			runOnlyForDeploymentPostprocessing = 0;
		};
/* End PBXFrameworksBuildPhase section */

/* Begin PBXGroup section */
		27C858926E70547A06F887EA /* Pods */ = {
			isa = PBXGroup;
			children = (
				0F7076DA68406084BE0516F7 /* Pods-AgoraDemo.debug.xcconfig */,
				C5769544EAEF7A79EB5FF676 /* Pods-AgoraDemo.release.xcconfig */,
			);
			path = Pods;
			sourceTree = "<group>";
		};
		686320CA2043E40634A7206C /* Frameworks */ = {
			isa = PBXGroup;
			children = (
				D4B7A8CAC0CC515217F95F77 /* Pods_AgoraDemo.framework */,
			);
			name = Frameworks;
			sourceTree = "<group>";
		};
		6B6A714C293741790003839E = {
			isa = PBXGroup;
			children = (
				6B6A7157293741790003839E /* AgoraDemo */,
				6B6A7156293741790003839E /* Products */,
				27C858926E70547A06F887EA /* Pods */,
				686320CA2043E40634A7206C /* Frameworks */,
			);
			sourceTree = "<group>";
		};
		6B6A7156293741790003839E /* Products */ = {
			isa = PBXGroup;
			children = (
				6B6A7155293741790003839E /* AgoraDemo.app */,
			);
			name = Products;
			sourceTree = "<group>";
		};
		6B6A7157293741790003839E /* AgoraDemo */ = {
			isa = PBXGroup;
			children = (
				6B6AD3F32940A35F0003839E /* AGMCapturer */,
				6B6AD342293EFA8C0003839E /* FaceUnity */,
				6B6A733D29385CE60003839E /* Utils */,
				6B6ACFE6293DE2CD0003839E /* UserInfo.swift */,
				6B6A7158293741790003839E /* AppDelegate.swift */,
				6B6A715A293741790003839E /* SceneDelegate.swift */,
				6B6AD3E8293F4A890003839E /* NetworkManager.swift */,
				6B6A715C293741790003839E /* ViewController.swift */,
				6B6AD3EA293F4ACF0003839E /* KeyCenter.swift */,
				6B6A715E293741790003839E /* Main.storyboard */,
				6B6A71612937417A0003839E /* Assets.xcassets */,
				6B6A71632937417A0003839E /* LaunchScreen.storyboard */,
				6B6A71662937417A0003839E /* Info.plist */,
				6B6A716C29376C600003839E /* AgoraDemo-Bridging-Header.h */,
			);
			path = AgoraDemo;
			sourceTree = "<group>";
		};
		6B6A733D29385CE60003839E /* Utils */ = {
			isa = PBXGroup;
			children = (
				6B6A734229385CE60003839E /* VideoProcessingManager.h */,
				6B6A733F29385CE60003839E /* VideoProcessingManager.m */,
				6B6A734129385CE60003839E /* VideoFilterDelegate.h */,
				6B6A733E29385CE60003839E /* CapturerManager.h */,
				6B6A734329385CE60003839E /* CapturerManager.m */,
				6B6A734029385CE60003839E /* CapturerManagerDelegate.h */,
			);
			path = Utils;
			sourceTree = "<group>";
		};
		6B6AD342293EFA8C0003839E /* FaceUnity */ = {
			isa = PBXGroup;
			children = (
				6B6AD343293EFA8C0003839E /* Demo */,
				6B6AD394293EFA8C0003839E /* Lib */,
			);
			path = FaceUnity;
			sourceTree = "<group>";
		};
		6B6AD343293EFA8C0003839E /* Demo */ = {
			isa = PBXGroup;
			children = (
				6B6AD621294344AA0003839E /* Test */,
				6B6AD344293EFA8C0003839E /* ViewModel */,
				6B6AD356293EFA8C0003839E /* Defines */,
				6B6AD359293EFA8C0003839E /* Model */,
				6B6AD368293EFA8C0003839E /* View */,
				6B6AD376293EFA8C0003839E /* Resource */,
				6B6AD355293EFA8C0003839E /* FUManager.h */,
				6B6AD393293EFA8C0003839E /* FUManager.m */,
				6B6AD375293EFA8C0003839E /* FUDemoManager.h */,
				6B6AD354293EFA8C0003839E /* FUDemoManager.m */,
			);
			path = Demo;
			sourceTree = "<group>";
		};
		6B6AD344293EFA8C0003839E /* ViewModel */ = {
			isa = PBXGroup;
			children = (
				6B6AD345293EFA8C0003839E /* FUViewModel.m */,
				6B6AD346293EFA8C0003839E /* FUBeautySkinViewModel.m */,
				6B6AD347293EFA8C0003839E /* FUBeautyShapeViewModel.m */,
				6B6AD348293EFA8C0003839E /* FUStickerViewModel.h */,
				6B6AD349293EFA8C0003839E /* FUBeautyBodyViewModel.h */,
				6B6AD34A293EFA8C0003839E /* FUFilterViewModel.h */,
				6B6AD34B293EFA8C0003839E /* FUMakeupViewModel.h */,
				6B6AD34C293EFA8C0003839E /* FUViewModel.h */,
				6B6AD34D293EFA8C0003839E /* FUBeautySkinViewModel.h */,
				6B6AD34E293EFA8C0003839E /* FUStickerViewModel.m */,
				6B6AD34F293EFA8C0003839E /* FUBeautyShapeViewModel.h */,
				6B6AD350293EFA8C0003839E /* FUMakeupViewModel.m */,
				6B6AD351293EFA8C0003839E /* FUFilterViewModel.m */,
				6B6AD352293EFA8C0003839E /* FUBeautyBodyViewModel.m */,
			);
			path = ViewModel;
			sourceTree = "<group>";
		};
		6B6AD356293EFA8C0003839E /* Defines */ = {
			isa = PBXGroup;
			children = (
				6B6AD357293EFA8C0003839E /* FUDefines.h */,
			);
			path = Defines;
			sourceTree = "<group>";
		};
		6B6AD359293EFA8C0003839E /* Model */ = {
			isa = PBXGroup;
			children = (
				6B6AD35A293EFA8C0003839E /* FUModel.h */,
				6B6AD35B293EFA8C0003839E /* FUBeautyShapeModel.m */,
				6B6AD35C293EFA8C0003839E /* FUBeautySkinModel.m */,
				6B6AD35D293EFA8C0003839E /* FUBeautyBodyModel.m */,
				6B6AD35E293EFA8C0003839E /* FUFilterModel.m */,
				6B6AD35F293EFA8C0003839E /* FUMakeupModel.h */,
				6B6AD360293EFA8C0003839E /* FUStickerModel.h */,
				6B6AD361293EFA8C0003839E /* FUBeautyShapeModel.h */,
				6B6AD362293EFA8C0003839E /* FUModel.m */,
				6B6AD363293EFA8C0003839E /* FUFilterModel.h */,
				6B6AD364293EFA8C0003839E /* FUBeautyBodyModel.h */,
				6B6AD365293EFA8C0003839E /* FUBeautySkinModel.h */,
				6B6AD366293EFA8C0003839E /* FUStickerModel.m */,
				6B6AD367293EFA8C0003839E /* FUMakeupModel.m */,
			);
			path = Model;
			sourceTree = "<group>";
		};
		6B6AD368293EFA8C0003839E /* View */ = {
			isa = PBXGroup;
			children = (
				6B6AD369293EFA8C0003839E /* FUBottomBar.m */,
				6B6AD36A293EFA8C0003839E /* FUFunctionView.h */,
				6B6AD36B293EFA8C0003839E /* FUSlider.m */,
				6B6AD36C293EFA8C0003839E /* FUSquareButton.m */,
				6B6AD36D293EFA8C0003839E /* FUBeautyFunctionView.h */,
				6B6AD36E293EFA8C0003839E /* FUOthersFunctionView.m */,
				6B6AD36F293EFA8C0003839E /* FUBottomBar.h */,
				6B6AD370293EFA8C0003839E /* FUSlider.h */,
				6B6AD371293EFA8C0003839E /* FUFunctionView.m */,
				6B6AD372293EFA8C0003839E /* FUBeautyFunctionView.m */,
				6B6AD373293EFA8C0003839E /* FUSquareButton.h */,
				6B6AD374293EFA8C0003839E /* FUOthersFunctionView.h */,
			);
			path = View;
			sourceTree = "<group>";
		};
		6B6AD376293EFA8C0003839E /* Resource */ = {
			isa = PBXGroup;
			children = (
				6B6AD377293EFA8C0003839E /* FaceUnity.strings */,
				6B6AD379293EFA8C0003839E /* 美妆 */,
				6B6AD38D293EFA8C0003839E /* FaceUnity.xcassets */,
				6B6AD38E293EFA8C0003839E /* 贴纸 */,
			);
			path = Resource;
			sourceTree = "<group>";
		};
		6B6AD379293EFA8C0003839E /* 美妆 */ = {
			isa = PBXGroup;
			children = (
				6B6AD37A293EFA8C0003839E /* oumei.bundle */,
				6B6AD37B293EFA8C0003839E /* Rose.bundle */,
				6B6AD37C293EFA8C0003839E /* linjia.bundle */,
				6B6AD37D293EFA8C0003839E /* yanshimao.bundle */,
				6B6AD37E293EFA8C0003839E /* tianmei.bundle */,
				6B6AD37F293EFA8C0003839E /* ziyun.bundle */,
				6B6AD380293EFA8C0003839E /* chaomo.bundle */,
				6B6AD381293EFA8C0003839E /* hongfeng.bundle */,
				6B6AD382293EFA8C0003839E /* jianling.bundle */,
				6B6AD383293EFA8C0003839E /* gangfeng.bundle */,
				6B6AD384293EFA8C0003839E /* chuju.bundle */,
				6B6AD385293EFA8C0003839E /* renyu.bundle */,
				6B6AD386293EFA8C0003839E /* qianzhihe.bundle */,
				6B6AD387293EFA8C0003839E /* wumei.bundle */,
				6B6AD388293EFA8C0003839E /* shaonv.bundle */,
				6B6AD389293EFA8C0003839E /* chuqiu.bundle */,
				6B6AD38A293EFA8C0003839E /* nuandong.bundle */,
				6B6AD38B293EFA8C0003839E /* xinggan.bundle */,
			);
			path = "美妆";
			sourceTree = "<group>";
		};
		6B6AD38E293EFA8C0003839E /* 贴纸 */ = {
			isa = PBXGroup;
			children = (
				6B6AD38F293EFA8C0003839E /* fashi.bundle */,
				6B6AD390293EFA8C0003839E /* sdlu.bundle */,
				6B6AD391293EFA8C0003839E /* xueqiu_lm_fu.bundle */,
				6B6AD392293EFA8C0003839E /* DaisyPig.bundle */,
			);
			path = "贴纸";
			sourceTree = "<group>";
		};
		6B6AD394293EFA8C0003839E /* Lib */ = {
			isa = PBXGroup;
			children = (
				6B6AD396293EFA8C0003839E /* authpack.h */,
				6B6AD397293EFA8C0003839E /* Resources */,
			);
			path = Lib;
			sourceTree = "<group>";
		};
		6B6AD397293EFA8C0003839E /* Resources */ = {
			isa = PBXGroup;
			children = (
				6B6AD398293EFA8C0003839E /* model */,
				6B6AD3A1293EFA8C0003839E /* graphics */,
			);
			path = Resources;
			sourceTree = "<group>";
		};
		6B6AD398293EFA8C0003839E /* model */ = {
			isa = PBXGroup;
			children = (
				6B6AD399293EFA8C0003839E /* ai_human_processor_mb_fast.bundle */,
				6B6AD39A293EFA8C0003839E /* ai_face_recognizer.bundle */,
				6B6AD39B293EFA8C0003839E /* ai_hand_processor.bundle */,
				6B6AD39C293EFA8C0003839E /* ai_face_processor.bundle */,
				6B6AD39D293EFA8C0003839E /* ai_bgseg_green.bundle */,
				6B6AD39E293EFA8C0003839E /* ai_face_processor_lite.bundle */,
				6B6AD39F293EFA8C0003839E /* ai_hairseg.bundle */,
				6B6AD3A0293EFA8C0003839E /* ai_human_processor.bundle */,
			);
			path = model;
			sourceTree = "<group>";
		};
		6B6AD3A1293EFA8C0003839E /* graphics */ = {
			isa = PBXGroup;
			children = (
				6B6AD3A2293EFA8C0003839E /* tongue.bundle */,
				6B6AD3A3293EFA8C0003839E /* fxaa.bundle */,
				6B6AD3A4293EFA8C0003839E /* face_makeup.bundle */,
				6B6AD3A5293EFA8C0003839E /* controller_cpp.bundle */,
				6B6AD3A6293EFA8C0003839E /* body_slim.bundle */,
				6B6AD3A7293EFA8C0003839E /* fuzzytoonfilter.bundle */,
				6B6AD3A8293EFA8C0003839E /* face_beautification.bundle */,
			);
			path = graphics;
			sourceTree = "<group>";
		};
		6B6AD3F32940A35F0003839E /* AGMCapturer */ = {
			isa = PBXGroup;
			children = (
				6B6AD43B2940AA0B0003839E /* AGMBase */,
				6B6AD4552940AA0C0003839E /* AGMCapturer */,
				6B6AD4512940AA0B0003839E /* AGMRenderer */,
			);
			path = AGMCapturer;
			sourceTree = "<group>";
		};
		6B6AD43B2940AA0B0003839E /* AGMBase */ = {
			isa = PBXGroup;
			children = (
				6B6AD43C2940AA0B0003839E /* AGMNV12Texture.h */,
				6B6AD43D2940AA0B0003839E /* AGMRGBATextureCache.h */,
				6B6AD43E2940AA0B0003839E /* AGMNV12TextureCache.h */,
				6B6AD43F2940AA0B0003839E /* AGMOpenGLDefines.h */,
				6B6AD4402940AA0B0003839E /* AGMDefaultShader.h */,
				6B6AD4412940AA0B0003839E /* AGMEAGLContext.m */,
				6B6AD4422940AA0B0003839E /* AGMCVPixelBuffer.m */,
				6B6AD4432940AA0B0003839E /* AGMShader.h */,
				6B6AD4442940AA0B0003839E /* AGMDefaultShader.mm */,
				6B6AD4452940AA0B0003839E /* AGMRGBATexture.m */,
				6B6AD4462940AA0B0003839E /* AGMVideoViewShading.h */,
				6B6AD4472940AA0B0003839E /* AGMRGBATextureCache.m */,
				6B6AD4482940AA0B0003839E /* AGMNV12Texture.m */,
				6B6AD4492940AA0B0003839E /* AGMEAGLContext.h */,
				6B6AD44A2940AA0B0003839E /* AGMCVPixelBuffer.h */,
				6B6AD44B2940AA0B0003839E /* AGMMacros.h */,
				6B6AD44C2940AA0B0003839E /* AGMNV12TextureCache.m */,
				6B6AD44D2940AA0B0003839E /* AGMShader.mm */,
				6B6AD44E2940AA0B0003839E /* AGMBase.h */,
				6B6AD44F2940AA0B0003839E /* AGMRGBATexture.h */,
				6B6AD4502940AA0B0003839E /* AGMVideoFrame.h */,
			);
			path = AGMBase;
			sourceTree = "<group>";
		};
		6B6AD4512940AA0B0003839E /* AGMRenderer */ = {
			isa = PBXGroup;
			children = (
				6B6AD4522940AA0B0003839E /* AGMRenderer.h */,
				6B6AD4532940AA0B0003839E /* AGMEAGLVideoView.m */,
				6B6AD4542940AA0B0003839E /* AGMEAGLVideoView.h */,
			);
			path = AGMRenderer;
			sourceTree = "<group>";
		};
		6B6AD4552940AA0C0003839E /* AGMCapturer */ = {
			isa = PBXGroup;
			children = (
				6B6AD4562940AA0C0003839E /* AGMCapturerVideoConfig.h */,
				6B6AD4572940AA0C0003839E /* AGMCapturer.h */,
				6B6AD4582940AA0C0003839E /* AGMCameraCapturer.m */,
				6B6AD4592940AA0C0003839E /* AGMCapturerVideoConfig.m */,
				6B6AD45A2940AA0C0003839E /* AGMCameraCapturer.h */,
			);
			path = AGMCapturer;
			sourceTree = "<group>";
		};
		6B6AD621294344AA0003839E /* Test */ = {
			isa = PBXGroup;
			children = (
				6B6AD353293EFA8C0003839E /* FUTestRecorder.h */,
				6B6AD358293EFA8C0003839E /* FUTestRecorder.m */,
			);
			path = Test;
			sourceTree = "<group>";
		};
/* End PBXGroup section */

/* Begin PBXNativeTarget section */
		6B6A7154293741790003839E /* AgoraDemo */ = {
			isa = PBXNativeTarget;
			buildConfigurationList = 6B6A71692937417A0003839E /* Build configuration list for PBXNativeTarget "AgoraDemo" */;
			buildPhases = (
				212B2739737152B07879368D /* [CP] Check Pods Manifest.lock */,
				6B6A7151293741790003839E /* Sources */,
				6B6A7152293741790003839E /* Frameworks */,
				6B6A7153293741790003839E /* Resources */,
				0D1C42D57C09D18C227CE689 /* [CP] Embed Pods Frameworks */,
				9733588B8E2531A9811A9D82 /* [CP] Copy Pods Resources */,
			);
			buildRules = (
			);
			dependencies = (
			);
			name = AgoraDemo;
			productName = AgoraDemo;
			productReference = 6B6A7155293741790003839E /* AgoraDemo.app */;
			productType = "com.apple.product-type.application";
		};
/* End PBXNativeTarget section */

/* Begin PBXProject section */
		6B6A714D293741790003839E /* Project object */ = {
			isa = PBXProject;
			attributes = {
				BuildIndependentTargetsInParallel = 1;
				LastSwiftUpdateCheck = 1400;
				LastUpgradeCheck = 1400;
				TargetAttributes = {
					6B6A7154293741790003839E = {
						CreatedOnToolsVersion = 14.0.1;
						LastSwiftMigration = 1400;
					};
				};
			};
			buildConfigurationList = 6B6A7150293741790003839E /* Build configuration list for PBXProject "AgoraDemo" */;
			compatibilityVersion = "Xcode 14.0";
			developmentRegion = en;
			hasScannedForEncodings = 0;
			knownRegions = (
				en,
				Base,
				"zh-Hans",
			);
			mainGroup = 6B6A714C293741790003839E;
			productRefGroup = 6B6A7156293741790003839E /* Products */;
			projectDirPath = "";
			projectRoot = "";
			targets = (
				6B6A7154293741790003839E /* AgoraDemo */,
			);
		};
/* End PBXProject section */

/* Begin PBXResourcesBuildPhase section */
		6B6A7153293741790003839E /* Resources */ = {
			isa = PBXResourcesBuildPhase;
			buildActionMask = 2147483647;
			files = (
				6B6AD3D0293EFA8C0003839E /* nuandong.bundle in Resources */,
				6B6AD3C8293EFA8C0003839E /* jianling.bundle in Resources */,
				6B6AD3C1293EFA8C0003839E /* Rose.bundle in Resources */,
				6B6AD3C3293EFA8C0003839E /* yanshimao.bundle in Resources */,
				6B6AD3D2293EFA8C0003839E /* FaceUnity.xcassets in Resources */,
				6B6AD3C0293EFA8C0003839E /* oumei.bundle in Resources */,
				6B6AD3D4293EFA8C0003839E /* sdlu.bundle in Resources */,
				6B6AD3C4293EFA8C0003839E /* tianmei.bundle in Resources */,
				6B6AD3CA293EFA8C0003839E /* chuju.bundle in Resources */,
				6B6AD3D6293EFA8C0003839E /* DaisyPig.bundle in Resources */,
				6B6AD3C6293EFA8C0003839E /* chaomo.bundle in Resources */,
				6B6AD3D9293EFA8C0003839E /* ai_human_processor_mb_fast.bundle in Resources */,
				6B6AD3CC293EFA8C0003839E /* qianzhihe.bundle in Resources */,
				6B6AD3CB293EFA8C0003839E /* renyu.bundle in Resources */,
				6B6AD3CD293EFA8C0003839E /* wumei.bundle in Resources */,
				6B6AD3C9293EFA8C0003839E /* gangfeng.bundle in Resources */,
				6B6AD3D5293EFA8C0003839E /* xueqiu_lm_fu.bundle in Resources */,
				6B6A71652937417A0003839E /* LaunchScreen.storyboard in Resources */,
				6B6AD3DF293EFA8C0003839E /* ai_hairseg.bundle in Resources */,
				6B6AD3CE293EFA8C0003839E /* shaonv.bundle in Resources */,
				6B6AD3D3293EFA8C0003839E /* fashi.bundle in Resources */,
				6B6AD3C5293EFA8C0003839E /* ziyun.bundle in Resources */,
				6B6AD3C7293EFA8C0003839E /* hongfeng.bundle in Resources */,
				6B6AD3D1293EFA8C0003839E /* xinggan.bundle in Resources */,
				6B6AD3C2293EFA8C0003839E /* linjia.bundle in Resources */,
				6B6AD3CF293EFA8C0003839E /* chuqiu.bundle in Resources */,
				6B6AD3BF293EFA8C0003839E /* FaceUnity.strings in Resources */,
				6B6A71622937417A0003839E /* Assets.xcassets in Resources */,
				6B6A7160293741790003839E /* Main.storyboard in Resources */,
			);
			runOnlyForDeploymentPostprocessing = 0;
		};
/* End PBXResourcesBuildPhase section */

/* Begin PBXShellScriptBuildPhase section */
		0D1C42D57C09D18C227CE689 /* [CP] Embed Pods Frameworks */ = {
			isa = PBXShellScriptBuildPhase;
			buildActionMask = 2147483647;
			files = (
			);
			inputFileListPaths = (
				"${PODS_ROOT}/Target Support Files/Pods-AgoraDemo/Pods-AgoraDemo-frameworks-${CONFIGURATION}-input-files.xcfilelist",
			);
			name = "[CP] Embed Pods Frameworks";
			outputFileListPaths = (
				"${PODS_ROOT}/Target Support Files/Pods-AgoraDemo/Pods-AgoraDemo-frameworks-${CONFIGURATION}-output-files.xcfilelist",
			);
			runOnlyForDeploymentPostprocessing = 0;
			shellPath = /bin/sh;
			shellScript = "\"${PODS_ROOT}/Target Support Files/Pods-AgoraDemo/Pods-AgoraDemo-frameworks.sh\"\n";
			showEnvVarsInLog = 0;
		};
		212B2739737152B07879368D /* [CP] Check Pods Manifest.lock */ = {
			isa = PBXShellScriptBuildPhase;
			buildActionMask = 2147483647;
			files = (
			);
			inputFileListPaths = (
			);
			inputPaths = (
				"${PODS_PODFILE_DIR_PATH}/Podfile.lock",
				"${PODS_ROOT}/Manifest.lock",
			);
			name = "[CP] Check Pods Manifest.lock";
			outputFileListPaths = (
			);
			outputPaths = (
				"$(DERIVED_FILE_DIR)/Pods-AgoraDemo-checkManifestLockResult.txt",
			);
			runOnlyForDeploymentPostprocessing = 0;
			shellPath = /bin/sh;
			shellScript = "diff \"${PODS_PODFILE_DIR_PATH}/Podfile.lock\" \"${PODS_ROOT}/Manifest.lock\" > /dev/null\nif [ $? != 0 ] ; then\n    # print error to STDERR\n    echo \"error: The sandbox is not in sync with the Podfile.lock. Run 'pod install' or update your CocoaPods installation.\" >&2\n    exit 1\nfi\n# This output is used by Xcode 'outputs' to avoid re-running this script phase.\necho \"SUCCESS\" > \"${SCRIPT_OUTPUT_FILE_0}\"\n";
			showEnvVarsInLog = 0;
		};
		9733588B8E2531A9811A9D82 /* [CP] Copy Pods Resources */ = {
			isa = PBXShellScriptBuildPhase;
			buildActionMask = 2147483647;
			files = (
			);
			inputFileListPaths = (
				"${PODS_ROOT}/Target Support Files/Pods-AgoraDemo/Pods-AgoraDemo-resources-${CONFIGURATION}-input-files.xcfilelist",
			);
			name = "[CP] Copy Pods Resources";
			outputFileListPaths = (
				"${PODS_ROOT}/Target Support Files/Pods-AgoraDemo/Pods-AgoraDemo-resources-${CONFIGURATION}-output-files.xcfilelist",
			);
			runOnlyForDeploymentPostprocessing = 0;
			shellPath = /bin/sh;
			shellScript = "\"${PODS_ROOT}/Target Support Files/Pods-AgoraDemo/Pods-AgoraDemo-resources.sh\"\n";
			showEnvVarsInLog = 0;
		};
/* End PBXShellScriptBuildPhase section */

/* Begin PBXSourcesBuildPhase section */
		6B6A7151293741790003839E /* Sources */ = {
			isa = PBXSourcesBuildPhase;
			buildActionMask = 2147483647;
			files = (
				6B6AD3B4293EFA8C0003839E /* FUBeautyBodyModel.m in Sources */,
				6B6AD3AA293EFA8C0003839E /* FUBeautySkinViewModel.m in Sources */,
				6B6AD45F2940AA0C0003839E /* AGMRGBATextureCache.m in Sources */,
				6B6AD4612940AA0C0003839E /* AGMNV12TextureCache.m in Sources */,
				6B6AD3B9293EFA8C0003839E /* FUBottomBar.m in Sources */,
				6B6A715D293741790003839E /* ViewController.swift in Sources */,
				6B6AD3A9293EFA8C0003839E /* FUViewModel.m in Sources */,
				6B6AD4602940AA0C0003839E /* AGMNV12Texture.m in Sources */,
				6B6AD3B6293EFA8C0003839E /* FUModel.m in Sources */,
				6B6A7159293741790003839E /* AppDelegate.swift in Sources */,
				6B6A715B293741790003839E /* SceneDelegate.swift in Sources */,
				6B6AD3AF293EFA8C0003839E /* FUBeautyBodyViewModel.m in Sources */,
				6B6AD3B2293EFA8C0003839E /* FUBeautyShapeModel.m in Sources */,
				6B6AD3B8293EFA8C0003839E /* FUMakeupModel.m in Sources */,
				6B6AD3BE293EFA8C0003839E /* FUBeautyFunctionView.m in Sources */,
				6B6AD3E9293F4A890003839E /* NetworkManager.swift in Sources */,
				6B6AD3B3293EFA8C0003839E /* FUBeautySkinModel.m in Sources */,
				6B6AD4652940AA0C0003839E /* AGMCapturerVideoConfig.m in Sources */,
				6B6AD3AB293EFA8C0003839E /* FUBeautyShapeViewModel.m in Sources */,
				6B6AD3AD293EFA8C0003839E /* FUMakeupViewModel.m in Sources */,
				6B6AD3BC293EFA8C0003839E /* FUOthersFunctionView.m in Sources */,
				6B6AD3D7293EFA8C0003839E /* FUManager.m in Sources */,
				6B6AD4632940AA0C0003839E /* AGMEAGLVideoView.m in Sources */,
				6B6AD3EB293F4ACF0003839E /* KeyCenter.swift in Sources */,
				6B6AD3BD293EFA8C0003839E /* FUFunctionView.m in Sources */,
				6B6AD45D2940AA0C0003839E /* AGMDefaultShader.mm in Sources */,
				6B6AD3AE293EFA8C0003839E /* FUFilterViewModel.m in Sources */,
				6B6A738529385CE60003839E /* CapturerManager.m in Sources */,
				6B6AD3AC293EFA8C0003839E /* FUStickerViewModel.m in Sources */,
				6B6ACFE7293DE2CD0003839E /* UserInfo.swift in Sources */,
				6B6A738429385CE60003839E /* VideoProcessingManager.m in Sources */,
				6B6AD45E2940AA0C0003839E /* AGMRGBATexture.m in Sources */,
				6B6AD4622940AA0C0003839E /* AGMShader.mm in Sources */,
				6B6AD4642940AA0C0003839E /* AGMCameraCapturer.m in Sources */,
				6B6AD3BB293EFA8C0003839E /* FUSquareButton.m in Sources */,
				6B6AD3BA293EFA8C0003839E /* FUSlider.m in Sources */,
				6B6AD3B1293EFA8C0003839E /* FUTestRecorder.m in Sources */,
				6B6AD3B7293EFA8C0003839E /* FUStickerModel.m in Sources */,
				6B6AD3B0293EFA8C0003839E /* FUDemoManager.m in Sources */,
				6B6AD45B2940AA0C0003839E /* AGMEAGLContext.m in Sources */,
				6B6AD45C2940AA0C0003839E /* AGMCVPixelBuffer.m in Sources */,
				6B6AD3B5293EFA8C0003839E /* FUFilterModel.m in Sources */,
			);
			runOnlyForDeploymentPostprocessing = 0;
		};
/* End PBXSourcesBuildPhase section */

/* Begin PBXVariantGroup section */
		6B6A715E293741790003839E /* Main.storyboard */ = {
			isa = PBXVariantGroup;
			children = (
				6B6A715F293741790003839E /* Base */,
			);
			name = Main.storyboard;
			sourceTree = "<group>";
		};
		6B6A71632937417A0003839E /* LaunchScreen.storyboard */ = {
			isa = PBXVariantGroup;
			children = (
				6B6A71642937417A0003839E /* Base */,
			);
			name = LaunchScreen.storyboard;
			sourceTree = "<group>";
		};
		6B6AD377293EFA8C0003839E /* FaceUnity.strings */ = {
			isa = PBXVariantGroup;
			children = (
				6B6AD378293EFA8C0003839E /* zh-Hans */,
				6B6AD38C293EFA8C0003839E /* en */,
			);
			name = FaceUnity.strings;
			sourceTree = "<group>";
		};
/* End PBXVariantGroup section */

/* Begin XCBuildConfiguration section */
		6B6A71672937417A0003839E /* Debug */ = {
			isa = XCBuildConfiguration;
			buildSettings = {
				ALWAYS_SEARCH_USER_PATHS = NO;
				CLANG_ANALYZER_NONNULL = YES;
				CLANG_ANALYZER_NUMBER_OBJECT_CONVERSION = YES_AGGRESSIVE;
				CLANG_CXX_LANGUAGE_STANDARD = "gnu++20";
				CLANG_ENABLE_MODULES = YES;
				CLANG_ENABLE_OBJC_ARC = YES;
				CLANG_ENABLE_OBJC_WEAK = YES;
				CLANG_WARN_BLOCK_CAPTURE_AUTORELEASING = YES;
				CLANG_WARN_BOOL_CONVERSION = YES;
				CLANG_WARN_COMMA = YES;
				CLANG_WARN_CONSTANT_CONVERSION = YES;
				CLANG_WARN_DEPRECATED_OBJC_IMPLEMENTATIONS = YES;
				CLANG_WARN_DIRECT_OBJC_ISA_USAGE = YES_ERROR;
				CLANG_WARN_DOCUMENTATION_COMMENTS = YES;
				CLANG_WARN_EMPTY_BODY = YES;
				CLANG_WARN_ENUM_CONVERSION = YES;
				CLANG_WARN_INFINITE_RECURSION = YES;
				CLANG_WARN_INT_CONVERSION = YES;
				CLANG_WARN_NON_LITERAL_NULL_CONVERSION = YES;
				CLANG_WARN_OBJC_IMPLICIT_RETAIN_SELF = YES;
				CLANG_WARN_OBJC_LITERAL_CONVERSION = YES;
				CLANG_WARN_OBJC_ROOT_CLASS = YES_ERROR;
				CLANG_WARN_QUOTED_INCLUDE_IN_FRAMEWORK_HEADER = YES;
				CLANG_WARN_RANGE_LOOP_ANALYSIS = YES;
				CLANG_WARN_STRICT_PROTOTYPES = YES;
				CLANG_WARN_SUSPICIOUS_MOVE = YES;
				CLANG_WARN_UNGUARDED_AVAILABILITY = YES_AGGRESSIVE;
				CLANG_WARN_UNREACHABLE_CODE = YES;
				CLANG_WARN__DUPLICATE_METHOD_MATCH = YES;
				COPY_PHASE_STRIP = NO;
				DEBUG_INFORMATION_FORMAT = dwarf;
				ENABLE_STRICT_OBJC_MSGSEND = YES;
				ENABLE_TESTABILITY = YES;
				GCC_C_LANGUAGE_STANDARD = gnu11;
				GCC_DYNAMIC_NO_PIC = NO;
				GCC_NO_COMMON_BLOCKS = YES;
				GCC_OPTIMIZATION_LEVEL = 0;
				GCC_PREPROCESSOR_DEFINITIONS = (
					"DEBUG=1",
					"$(inherited)",
				);
				GCC_WARN_64_TO_32_BIT_CONVERSION = YES;
				GCC_WARN_ABOUT_RETURN_TYPE = YES_ERROR;
				GCC_WARN_UNDECLARED_SELECTOR = YES;
				GCC_WARN_UNINITIALIZED_AUTOS = YES_AGGRESSIVE;
				GCC_WARN_UNUSED_FUNCTION = YES;
				GCC_WARN_UNUSED_VARIABLE = YES;
				IPHONEOS_DEPLOYMENT_TARGET = 13.0;
				MTL_ENABLE_DEBUG_INFO = INCLUDE_SOURCE;
				MTL_FAST_MATH = YES;
				ONLY_ACTIVE_ARCH = YES;
				SDKROOT = iphoneos;
				SWIFT_ACTIVE_COMPILATION_CONDITIONS = DEBUG;
				SWIFT_OPTIMIZATION_LEVEL = "-Onone";
			};
			name = Debug;
		};
		6B6A71682937417A0003839E /* Release */ = {
			isa = XCBuildConfiguration;
			buildSettings = {
				ALWAYS_SEARCH_USER_PATHS = NO;
				CLANG_ANALYZER_NONNULL = YES;
				CLANG_ANALYZER_NUMBER_OBJECT_CONVERSION = YES_AGGRESSIVE;
				CLANG_CXX_LANGUAGE_STANDARD = "gnu++20";
				CLANG_ENABLE_MODULES = YES;
				CLANG_ENABLE_OBJC_ARC = YES;
				CLANG_ENABLE_OBJC_WEAK = YES;
				CLANG_WARN_BLOCK_CAPTURE_AUTORELEASING = YES;
				CLANG_WARN_BOOL_CONVERSION = YES;
				CLANG_WARN_COMMA = YES;
				CLANG_WARN_CONSTANT_CONVERSION = YES;
				CLANG_WARN_DEPRECATED_OBJC_IMPLEMENTATIONS = YES;
				CLANG_WARN_DIRECT_OBJC_ISA_USAGE = YES_ERROR;
				CLANG_WARN_DOCUMENTATION_COMMENTS = YES;
				CLANG_WARN_EMPTY_BODY = YES;
				CLANG_WARN_ENUM_CONVERSION = YES;
				CLANG_WARN_INFINITE_RECURSION = YES;
				CLANG_WARN_INT_CONVERSION = YES;
				CLANG_WARN_NON_LITERAL_NULL_CONVERSION = YES;
				CLANG_WARN_OBJC_IMPLICIT_RETAIN_SELF = YES;
				CLANG_WARN_OBJC_LITERAL_CONVERSION = YES;
				CLANG_WARN_OBJC_ROOT_CLASS = YES_ERROR;
				CLANG_WARN_QUOTED_INCLUDE_IN_FRAMEWORK_HEADER = YES;
				CLANG_WARN_RANGE_LOOP_ANALYSIS = YES;
				CLANG_WARN_STRICT_PROTOTYPES = YES;
				CLANG_WARN_SUSPICIOUS_MOVE = YES;
				CLANG_WARN_UNGUARDED_AVAILABILITY = YES_AGGRESSIVE;
				CLANG_WARN_UNREACHABLE_CODE = YES;
				CLANG_WARN__DUPLICATE_METHOD_MATCH = YES;
				COPY_PHASE_STRIP = NO;
				DEBUG_INFORMATION_FORMAT = "dwarf-with-dsym";
				ENABLE_NS_ASSERTIONS = NO;
				ENABLE_STRICT_OBJC_MSGSEND = YES;
				GCC_C_LANGUAGE_STANDARD = gnu11;
				GCC_NO_COMMON_BLOCKS = YES;
				GCC_WARN_64_TO_32_BIT_CONVERSION = YES;
				GCC_WARN_ABOUT_RETURN_TYPE = YES_ERROR;
				GCC_WARN_UNDECLARED_SELECTOR = YES;
				GCC_WARN_UNINITIALIZED_AUTOS = YES_AGGRESSIVE;
				GCC_WARN_UNUSED_FUNCTION = YES;
				GCC_WARN_UNUSED_VARIABLE = YES;
				IPHONEOS_DEPLOYMENT_TARGET = 13.0;
				MTL_ENABLE_DEBUG_INFO = NO;
				MTL_FAST_MATH = YES;
				SDKROOT = iphoneos;
				SWIFT_COMPILATION_MODE = wholemodule;
				SWIFT_OPTIMIZATION_LEVEL = "-O";
				VALIDATE_PRODUCT = YES;
			};
			name = Release;
		};
		6B6A716A2937417A0003839E /* Debug */ = {
			isa = XCBuildConfiguration;
			baseConfigurationReference = 0F7076DA68406084BE0516F7 /* Pods-AgoraDemo.debug.xcconfig */;
			buildSettings = {
				ASSETCATALOG_COMPILER_APPICON_NAME = AppIcon;
				ASSETCATALOG_COMPILER_GLOBAL_ACCENT_COLOR_NAME = AccentColor;
				CLANG_ENABLE_MODULES = YES;
				CODE_SIGN_STYLE = Automatic;
				CURRENT_PROJECT_VERSION = 1;
				DEVELOPMENT_TEAM = 75N3SX99QX;
				FRAMEWORK_SEARCH_PATHS = (
					"$(inherited)",
					"$(PROJECT_DIR)/AgoraDemo/FaceUnity/Lib",
					"$(PROJECT_DIR)/AgoraDemo/AGMCapturer/AGMFramework",
				);
				GENERATE_INFOPLIST_FILE = YES;
				INFOPLIST_FILE = AgoraDemo/Info.plist;
				INFOPLIST_KEY_NSCameraUsageDescription = "Access the camera.";
				INFOPLIST_KEY_NSMicrophoneUsageDescription = "Access the microphone.\n";
				INFOPLIST_KEY_UIApplicationSupportsIndirectInputEvents = YES;
				INFOPLIST_KEY_UILaunchStoryboardName = LaunchScreen;
				INFOPLIST_KEY_UIMainStoryboardFile = Main;
				INFOPLIST_KEY_UISupportedInterfaceOrientations = UIInterfaceOrientationPortrait;
				IPHONEOS_DEPLOYMENT_TARGET = 13.0;
				LD_RUNPATH_SEARCH_PATHS = (
					"$(inherited)",
					"@executable_path/Frameworks",
				);
				MARKETING_VERSION = 1.0;
				PRODUCT_BUNDLE_IDENTIFIER = Test.AgoraDemo;
				PRODUCT_NAME = "$(TARGET_NAME)";
				SUPPORTED_PLATFORMS = "iphoneos iphonesimulator";
				SUPPORTS_MACCATALYST = NO;
				SUPPORTS_MAC_DESIGNED_FOR_IPHONE_IPAD = NO;
				SWIFT_EMIT_LOC_STRINGS = YES;
				SWIFT_OBJC_BRIDGING_HEADER = "AgoraDemo/AgoraDemo-Bridging-Header.h";
				SWIFT_OPTIMIZATION_LEVEL = "-Onone";
				SWIFT_VERSION = 5.0;
				TARGETED_DEVICE_FAMILY = 1;
			};
			name = Debug;
		};
		6B6A716B2937417A0003839E /* Release */ = {
			isa = XCBuildConfiguration;
			baseConfigurationReference = C5769544EAEF7A79EB5FF676 /* Pods-AgoraDemo.release.xcconfig */;
			buildSettings = {
				ASSETCATALOG_COMPILER_APPICON_NAME = AppIcon;
				ASSETCATALOG_COMPILER_GLOBAL_ACCENT_COLOR_NAME = AccentColor;
				CLANG_ENABLE_MODULES = YES;
				CODE_SIGN_STYLE = Automatic;
				CURRENT_PROJECT_VERSION = 1;
				DEVELOPMENT_TEAM = 75N3SX99QX;
				FRAMEWORK_SEARCH_PATHS = (
					"$(inherited)",
					"$(PROJECT_DIR)/AgoraDemo/FaceUnity/Lib",
					"$(PROJECT_DIR)/AgoraDemo/AGMCapturer/AGMFramework",
				);
				GENERATE_INFOPLIST_FILE = YES;
				INFOPLIST_FILE = AgoraDemo/Info.plist;
				INFOPLIST_KEY_NSCameraUsageDescription = "Access the camera.";
				INFOPLIST_KEY_NSMicrophoneUsageDescription = "Access the microphone.\n";
				INFOPLIST_KEY_UIApplicationSupportsIndirectInputEvents = YES;
				INFOPLIST_KEY_UILaunchStoryboardName = LaunchScreen;
				INFOPLIST_KEY_UIMainStoryboardFile = Main;
				INFOPLIST_KEY_UISupportedInterfaceOrientations = UIInterfaceOrientationPortrait;
				IPHONEOS_DEPLOYMENT_TARGET = 13.0;
				LD_RUNPATH_SEARCH_PATHS = (
					"$(inherited)",
					"@executable_path/Frameworks",
				);
				MARKETING_VERSION = 1.0;
				PRODUCT_BUNDLE_IDENTIFIER = Test.AgoraDemo;
				PRODUCT_NAME = "$(TARGET_NAME)";
				SUPPORTED_PLATFORMS = "iphoneos iphonesimulator";
				SUPPORTS_MACCATALYST = NO;
				SUPPORTS_MAC_DESIGNED_FOR_IPHONE_IPAD = NO;
				SWIFT_EMIT_LOC_STRINGS = YES;
				SWIFT_OBJC_BRIDGING_HEADER = "AgoraDemo/AgoraDemo-Bridging-Header.h";
				SWIFT_VERSION = 5.0;
				TARGETED_DEVICE_FAMILY = 1;
			};
			name = Release;
		};
/* End XCBuildConfiguration section */

/* Begin XCConfigurationList section */
		6B6A7150293741790003839E /* Build configuration list for PBXProject "AgoraDemo" */ = {
			isa = XCConfigurationList;
			buildConfigurations = (
				6B6A71672937417A0003839E /* Debug */,
				6B6A71682937417A0003839E /* Release */,
			);
			defaultConfigurationIsVisible = 0;
			defaultConfigurationName = Release;
		};
		6B6A71692937417A0003839E /* Build configuration list for PBXNativeTarget "AgoraDemo" */ = {
			isa = XCConfigurationList;
			buildConfigurations = (
				6B6A716A2937417A0003839E /* Debug */,
				6B6A716B2937417A0003839E /* Release */,
			);
			defaultConfigurationIsVisible = 0;
			defaultConfigurationName = Release;
		};
/* End XCConfigurationList section */
	};
	rootObject = 6B6A714D293741790003839E /* Project object */;
}
